{
    "_meta": {
        "hash": {
            "sha256": "75287db36d52ba35708434c3ad5b1a9c144c1be0c67aa7b17a84a8e681c296c5"
        },
        "pipfile-spec": 6,
        "requires": {
            "python_version": "3.9"
        },
        "sources": [
            {
                "name": "pypi",
                "url": "https://pypi.org/simple",
                "verify_ssl": true
            }
        ]
    },
    "default": {
        "babelfish": {
            "hashes": [
                "sha256:268f1c6279f2a04a66837972e8a9f3dcc68e16f1201eec57d2a4b828a8b41b11",
                "sha256:2dadfadd1b205ca5fa5dc9fa637f5b7933160a0418684c7c46a7a664033208a2"
            ],
            "index": "pypi",
            "version": "==0.6.0"
        },
        "chardet": {
            "hashes": [
                "sha256:0d6f53a15db4120f2b08c94f11e7d93d2c911ee118b6b30a04ec3ee8310179fa",
                "sha256:f864054d66fd9118f2e67044ac8981a54775ec5b67aed0441892edb553d21da5"
            ],
            "index": "pypi",
            "version": "==4.0.0"
        },
        "langdetect": {
            "hashes": [
                "sha256:7cbc0746252f19e76f77c0b1690aadf01963be835ef0cd4b56dddf2a8f1dfc2a",
                "sha256:cbc1fef89f8d062739774bd51eda3da3274006b3661d199c2655f6b3f6d605a0"
            ],
            "index": "pypi",
            "version": "==1.0.9"
        },
        "six": {
            "hashes": [
                "sha256:1e61c37477a1626458e36f7b1d82aa5c9b094fa4802892072e49de9c60c4c926",
                "sha256:8abb2f1d86890a2dfb989f9a77cfcfd3e47c2a354b01111771326f8aa26e0254"
            ],
            "markers": "python_version >= '2.7' and python_version not in '3.0, 3.1, 3.2, 3.3'",
            "version": "==1.16.0"
        }
    },
    "develop": {}
}
